
Microsoft Visual Studio Solution File, Format Version 12.00
# Visual Studio Version 16
VisualStudioVersion = 16.0.28917.181
MinimumVisualStudioVersion = 10.0.40219.1
Project("{FAE04EC0-301F-11D3-BF4B-00C04F79EFBC}") = "ConsoleApp4ExtensionMethods", "ConsoleApp4ExtensionMethods\ConsoleApp4ExtensionMethods.csproj", "{E3A554F6-44C7-4D76-9F7B-34DB5E04A07C}"
EndProject
Project("{FAE04EC0-301F-11D3-BF4B-00C04F79EFBC}") = "Models", "Models\Models.csproj", "{82F77761-209A-4075-96F6-40C0123707F7}"
EndProject
Global
	GlobalSection(SolutionConfigurationPlatforms) = preSolution
		Debug|Any CPU = Debug|Any CPU
		Release|Any CPU = Release|Any CPU
	EndGlobalSection
	GlobalSection(ProjectConfigurationPlatforms) = postSolution
		{E3A554F6-44C7-4D76-9F7B-34DB5E04A07C}.Debug|Any CPU.ActiveCfg = Debug|Any CPU
		{E3A554F6-44C7-4D76-9F7B-34DB5E04A07C}.Debug|Any CPU.Build.0 = Debug|Any CPU
		{E3A554F6-44C7-4D76-9F7B-34DB5E04A07C}.Release|Any CPU.ActiveCfg = Release|Any CPU
		{E3A554F6-44C7-4D76-9F7B-34DB5E04A07C}.Release|Any CPU.Build.0 = Release|Any CPU
		{82F77761-209A-4075-96F6-40C0123707F7}.Debug|Any CPU.ActiveCfg = Debug|Any CPU
		{82F77761-209A-4075-96F6-40C0123707F7}.Debug|Any CPU.Build.0 = Debug|Any CPU
		{82F77761-209A-4075-96F6-40C0123707F7}.Release|Any CPU.ActiveCfg = Release|Any CPU
		{82F77761-209A-4075-96F6-40C0123707F7}.Release|Any CPU.Build.0 = Release|Any CPU
	EndGlobalSection
	GlobalSection(SolutionProperties) = preSolution
		HideSolutionNode = FALSE
	EndGlobalSection
	GlobalSection(ExtensibilityGlobals) = postSolution
		SolutionGuid = {E64DA8B3-4F03-4D9A-AE6A-C9D1CAB6CAA7}
	EndGlobalSection
EndGlobal
